
Microsoft Visual Studio Solution File, Format Version 12.00
# Visual Studio Version 16
VisualStudioVersion = 16.0.33423.256
MinimumVisualStudioVersion = 10.0.40219.1
Project("{FAE04EC0-301F-11D3-BF4B-00C04F79EFBC}") = "WpfSolution", "WpfSolution\WpfSolution.csproj", "{D00D39A1-F53F-456D-BD2B-DF2961C57624}"
EndProject
Global
	GlobalSection(SolutionConfigurationPlatforms) = preSolution
		Debug|Any CPU = Debug|Any CPU
		Release|Any CPU = Release|Any CPU
	EndGlobalSection
	GlobalSection(ProjectConfigurationPlatforms) = postSolution
		{D00D39A1-F53F-456D-BD2B-DF2961C57624}.Debug|Any CPU.ActiveCfg = Debug|Any CPU
		{D00D39A1-F53F-456D-BD2B-DF2961C57624}.Debug|Any CPU.Build.0 = Debug|Any CPU
		{D00D39A1-F53F-456D-BD2B-DF2961C57624}.Release|Any CPU.ActiveCfg = Release|Any CPU
		{D00D39A1-F53F-456D-BD2B-DF2961C57624}.Release|Any CPU.Build.0 = Release|Any CPU
	EndGlobalSection
	GlobalSection(SolutionProperties) = preSolution
		HideSolutionNode = FALSE
	EndGlobalSection
	GlobalSection(ExtensibilityGlobals) = postSolution
		SolutionGuid = {D941466B-A342-4268-A62B-569F1B2B7288}
	EndGlobalSection
EndGlobal
